
Microsoft Visual Studio Solution File, Format Version 12.00
# Visual Studio Version 17
VisualStudioVersion = 17.12.35527.113
MinimumVisualStudioVersion = 10.0.40219.1
Project("{FAE04EC0-301F-11D3-BF4B-00C04F79EFBC}") = "Backend", "Backend.csproj", "{D1A2D13A-8D04-413B-8D5E-C7D60FDDF317}"
EndProject
Project("{2150E333-8FDC-42A3-9474-1A3956D46DE8}") = "Solution Items", "Solution Items", "{0AA8F175-284A-4C11-98E1-CE5534CEE1FA}"
EndProject
Project("{FAE04EC0-301F-11D3-BF4B-00C04F79EFBC}") = "AlgorithmTests", "..\algorithm-tests\AlgorithmTests.csproj", "{51D4B97E-582D-4F98-8433-AA5D1DD34E89}"
EndProject
Global
	GlobalSection(SolutionConfigurationPlatforms) = preSolution
		Debug|Any CPU = Debug|Any CPU
		Release|Any CPU = Release|Any CPU
	EndGlobalSection
	GlobalSection(ProjectConfigurationPlatforms) = postSolution
		{D1A2D13A-8D04-413B-8D5E-C7D60FDDF317}.Debug|Any CPU.ActiveCfg = Debug|Any CPU
		{D1A2D13A-8D04-413B-8D5E-C7D60FDDF317}.Debug|Any CPU.Build.0 = Debug|Any CPU
		{D1A2D13A-8D04-413B-8D5E-C7D60FDDF317}.Release|Any CPU.ActiveCfg = Release|Any CPU
		{D1A2D13A-8D04-413B-8D5E-C7D60FDDF317}.Release|Any CPU.Build.0 = Release|Any CPU
		{51D4B97E-582D-4F98-8433-AA5D1DD34E89}.Debug|Any CPU.ActiveCfg = Debug|Any CPU
		{51D4B97E-582D-4F98-8433-AA5D1DD34E89}.Debug|Any CPU.Build.0 = Debug|Any CPU
		{51D4B97E-582D-4F98-8433-AA5D1DD34E89}.Release|Any CPU.ActiveCfg = Release|Any CPU
		{51D4B97E-582D-4F98-8433-AA5D1DD34E89}.Release|Any CPU.Build.0 = Release|Any CPU
	EndGlobalSection
	GlobalSection(SolutionProperties) = preSolution
		HideSolutionNode = FALSE
	EndGlobalSection
EndGlobal
